
Microsoft Visual Studio Solution File, Format Version 12.00
# Visual Studio Version 17
VisualStudioVersion = 17.9.34701.34
MinimumVisualStudioVersion = 10.0.40219.1
Project("{8BC9CEB8-8B4A-11D0-8D11-00A0C91BC942}") = "STPUCP_Model", "STPUCP_Model\STPUCP_Model.vcxproj", "{ED5969E8-6A43-477D-835E-3B6897AA356B}"
EndProject
Project("{8BC9CEB8-8B4A-11D0-8D11-00A0C91BC942}") = "STPUCP_SERVICE", "STPUCP_SERVICE\STPUCP_SERVICE.vcxproj", "{8FA1D73E-9D05-4AE7-8017-D4B6817A8746}"
EndProject
Project("{8BC9CEB8-8B4A-11D0-8D11-00A0C91BC942}") = "STPUCP_GUIAPP", "STPUCP_GUIAPP\STPUCP_GUIAPP.vcxproj", "{A473A515-C87C-44F6-BF24-045C3B28F0DC}"
EndProject
Project("{8BC9CEB8-8B4A-11D0-8D11-00A0C91BC942}") = "STPUCP_Admin_Controller", "STPUCP_Admin_Controller\STPUCP_Admin_Controller.vcxproj", "{9E0C325B-CD19-4F7E-A0EB-03ED64F69D0E}"
EndProject
Project("{8BC9CEB8-8B4A-11D0-8D11-00A0C91BC942}") = "STPUCP_AdminGUIView", "STPUCP_AdminGUIView\STPUCP_AdminGUIView.vcxproj", "{FC13D598-3C28-4FB4-8EB5-285B93F83F91}"
EndProject
Project("{8BC9CEB8-8B4A-11D0-8D11-00A0C91BC942}") = "STPUCP_Persistance", "STPUCP_Persistance\STPUCP_Persistance.vcxproj", "{535E34EB-BC3C-4BD2-86D1-30F4CF63AB25}"
EndProject
Global
	GlobalSection(SolutionConfigurationPlatforms) = preSolution
		Debug|x64 = Debug|x64
		Debug|x86 = Debug|x86
		Release|x64 = Release|x64
		Release|x86 = Release|x86
	EndGlobalSection
	GlobalSection(ProjectConfigurationPlatforms) = postSolution
		{ED5969E8-6A43-477D-835E-3B6897AA356B}.Debug|x64.ActiveCfg = Debug|x64
		{ED5969E8-6A43-477D-835E-3B6897AA356B}.Debug|x64.Build.0 = Debug|x64
		{ED5969E8-6A43-477D-835E-3B6897AA356B}.Debug|x86.ActiveCfg = Debug|Win32
		{ED5969E8-6A43-477D-835E-3B6897AA356B}.Debug|x86.Build.0 = Debug|Win32
		{ED5969E8-6A43-477D-835E-3B6897AA356B}.Release|x64.ActiveCfg = Release|x64
		{ED5969E8-6A43-477D-835E-3B6897AA356B}.Release|x64.Build.0 = Release|x64
		{ED5969E8-6A43-477D-835E-3B6897AA356B}.Release|x86.ActiveCfg = Release|Win32
		{ED5969E8-6A43-477D-835E-3B6897AA356B}.Release|x86.Build.0 = Release|Win32
		{8FA1D73E-9D05-4AE7-8017-D4B6817A8746}.Debug|x64.ActiveCfg = Debug|x64
		{8FA1D73E-9D05-4AE7-8017-D4B6817A8746}.Debug|x64.Build.0 = Debug|x64
		{8FA1D73E-9D05-4AE7-8017-D4B6817A8746}.Debug|x86.ActiveCfg = Debug|Win32
		{8FA1D73E-9D05-4AE7-8017-D4B6817A8746}.Debug|x86.Build.0 = Debug|Win32
		{8FA1D73E-9D05-4AE7-8017-D4B6817A8746}.Release|x64.ActiveCfg = Release|x64
		{8FA1D73E-9D05-4AE7-8017-D4B6817A8746}.Release|x64.Build.0 = Release|x64
		{8FA1D73E-9D05-4AE7-8017-D4B6817A8746}.Release|x86.ActiveCfg = Release|Win32
		{8FA1D73E-9D05-4AE7-8017-D4B6817A8746}.Release|x86.Build.0 = Release|Win32
		{A473A515-C87C-44F6-BF24-045C3B28F0DC}.Debug|x64.ActiveCfg = Debug|x64
		{A473A515-C87C-44F6-BF24-045C3B28F0DC}.Debug|x64.Build.0 = Debug|x64
		{A473A515-C87C-44F6-BF24-045C3B28F0DC}.Debug|x86.ActiveCfg = Debug|Win32
		{A473A515-C87C-44F6-BF24-045C3B28F0DC}.Debug|x86.Build.0 = Debug|Win32
		{A473A515-C87C-44F6-BF24-045C3B28F0DC}.Release|x64.ActiveCfg = Release|x64
		{A473A515-C87C-44F6-BF24-045C3B28F0DC}.Release|x64.Build.0 = Release|x64
		{A473A515-C87C-44F6-BF24-045C3B28F0DC}.Release|x86.ActiveCfg = Release|Win32
		{A473A515-C87C-44F6-BF24-045C3B28F0DC}.Release|x86.Build.0 = Release|Win32
		{9E0C325B-CD19-4F7E-A0EB-03ED64F69D0E}.Debug|x64.ActiveCfg = Debug|x64
		{9E0C325B-CD19-4F7E-A0EB-03ED64F69D0E}.Debug|x64.Build.0 = Debug|x64
		{9E0C325B-CD19-4F7E-A0EB-03ED64F69D0E}.Debug|x86.ActiveCfg = Debug|Win32
		{9E0C325B-CD19-4F7E-A0EB-03ED64F69D0E}.Debug|x86.Build.0 = Debug|Win32
		{9E0C325B-CD19-4F7E-A0EB-03ED64F69D0E}.Release|x64.ActiveCfg = Release|x64
		{9E0C325B-CD19-4F7E-A0EB-03ED64F69D0E}.Release|x64.Build.0 = Release|x64
		{9E0C325B-CD19-4F7E-A0EB-03ED64F69D0E}.Release|x86.ActiveCfg = Release|Win32
		{9E0C325B-CD19-4F7E-A0EB-03ED64F69D0E}.Release|x86.Build.0 = Release|Win32
		{FC13D598-3C28-4FB4-8EB5-285B93F83F91}.Debug|x64.ActiveCfg = Debug|x64
		{FC13D598-3C28-4FB4-8EB5-285B93F83F91}.Debug|x64.Build.0 = Debug|x64
		{FC13D598-3C28-4FB4-8EB5-285B93F83F91}.Debug|x86.ActiveCfg = Debug|Win32
		{FC13D598-3C28-4FB4-8EB5-285B93F83F91}.Debug|x86.Build.0 = Debug|Win32
		{FC13D598-3C28-4FB4-8EB5-285B93F83F91}.Release|x64.ActiveCfg = Release|x64
		{FC13D598-3C28-4FB4-8EB5-285B93F83F91}.Release|x64.Build.0 = Release|x64
		{FC13D598-3C28-4FB4-8EB5-285B93F83F91}.Release|x86.ActiveCfg = Release|Win32
		{FC13D598-3C28-4FB4-8EB5-285B93F83F91}.Release|x86.Build.0 = Release|Win32
		{535E34EB-BC3C-4BD2-86D1-30F4CF63AB25}.Debug|x64.ActiveCfg = Debug|x64
		{535E34EB-BC3C-4BD2-86D1-30F4CF63AB25}.Debug|x64.Build.0 = Debug|x64
		{535E34EB-BC3C-4BD2-86D1-30F4CF63AB25}.Debug|x86.ActiveCfg = Debug|Win32
		{535E34EB-BC3C-4BD2-86D1-30F4CF63AB25}.Debug|x86.Build.0 = Debug|Win32
		{535E34EB-BC3C-4BD2-86D1-30F4CF63AB25}.Release|x64.ActiveCfg = Release|x64
		{535E34EB-BC3C-4BD2-86D1-30F4CF63AB25}.Release|x64.Build.0 = Release|x64
		{535E34EB-BC3C-4BD2-86D1-30F4CF63AB25}.Release|x86.ActiveCfg = Release|Win32
		{535E34EB-BC3C-4BD2-86D1-30F4CF63AB25}.Release|x86.Build.0 = Release|Win32
	EndGlobalSection
	GlobalSection(SolutionProperties) = preSolution
		HideSolutionNode = FALSE
	EndGlobalSection
	GlobalSection(ExtensibilityGlobals) = postSolution
		SolutionGuid = {7556B071-A916-44C9-A84A-7E697AB9239E}
	EndGlobalSection
EndGlobal
