
Microsoft Visual Studio Solution File, Format Version 12.00
# Visual Studio Version 17
VisualStudioVersion = 17.9.34622.214
MinimumVisualStudioVersion = 10.0.40219.1
Project("{8BC9CEB8-8B4A-11D0-8D11-00A0C91BC942}") = "SalesSystemModel", "SalesSystemModel\SalesSystemModel.vcxproj", "{8FE1D0FB-C503-41F2-8FF1-FD8DDA8243CF}"
EndProject
Project("{8BC9CEB8-8B4A-11D0-8D11-00A0C91BC942}") = "SalesSystemService", "SalesSystemService\SalesSystemService.vcxproj", "{852176B1-5494-453F-9201-D0C1B62540B1}"
EndProject
Project("{8BC9CEB8-8B4A-11D0-8D11-00A0C91BC942}") = "SalesSystemConsoleApp", "SalesSystemConsoleApp\SalesSystemConsoleApp.vcxproj", "{6F811C48-CABB-4387-9BCB-0018D8784573}"
EndProject
Project("{8BC9CEB8-8B4A-11D0-8D11-00A0C91BC942}") = "SalesSystemGUIApp", "SalesSystemGUIApp\SalesSystemGUIApp.vcxproj", "{70884AE9-9845-4099-A190-75FCC5DCD9E7}"
EndProject
Project("{8BC9CEB8-8B4A-11D0-8D11-00A0C91BC942}") = "SalesSystemPersistance", "SalesSystemPersistance\SalesSystemPersistance.vcxproj", "{BF6387B3-0817-47F3-AB3D-16083534B4AE}"
EndProject
Global
	GlobalSection(SolutionConfigurationPlatforms) = preSolution
		Debug|ARM64 = Debug|ARM64
		Debug|x64 = Debug|x64
		Debug|x86 = Debug|x86
		Release|ARM64 = Release|ARM64
		Release|x64 = Release|x64
		Release|x86 = Release|x86
	EndGlobalSection
	GlobalSection(ProjectConfigurationPlatforms) = postSolution
		{8FE1D0FB-C503-41F2-8FF1-FD8DDA8243CF}.Debug|ARM64.ActiveCfg = Debug|ARM64
		{8FE1D0FB-C503-41F2-8FF1-FD8DDA8243CF}.Debug|ARM64.Build.0 = Debug|ARM64
		{8FE1D0FB-C503-41F2-8FF1-FD8DDA8243CF}.Debug|x64.ActiveCfg = Debug|x64
		{8FE1D0FB-C503-41F2-8FF1-FD8DDA8243CF}.Debug|x64.Build.0 = Debug|x64
		{8FE1D0FB-C503-41F2-8FF1-FD8DDA8243CF}.Debug|x86.ActiveCfg = Debug|Win32
		{8FE1D0FB-C503-41F2-8FF1-FD8DDA8243CF}.Debug|x86.Build.0 = Debug|Win32
		{8FE1D0FB-C503-41F2-8FF1-FD8DDA8243CF}.Release|ARM64.ActiveCfg = Release|ARM64
		{8FE1D0FB-C503-41F2-8FF1-FD8DDA8243CF}.Release|ARM64.Build.0 = Release|ARM64
		{8FE1D0FB-C503-41F2-8FF1-FD8DDA8243CF}.Release|x64.ActiveCfg = Release|x64
		{8FE1D0FB-C503-41F2-8FF1-FD8DDA8243CF}.Release|x64.Build.0 = Release|x64
		{8FE1D0FB-C503-41F2-8FF1-FD8DDA8243CF}.Release|x86.ActiveCfg = Release|Win32
		{8FE1D0FB-C503-41F2-8FF1-FD8DDA8243CF}.Release|x86.Build.0 = Release|Win32
		{852176B1-5494-453F-9201-D0C1B62540B1}.Debug|ARM64.ActiveCfg = Debug|ARM64
		{852176B1-5494-453F-9201-D0C1B62540B1}.Debug|ARM64.Build.0 = Debug|ARM64
		{852176B1-5494-453F-9201-D0C1B62540B1}.Debug|x64.ActiveCfg = Debug|x64
		{852176B1-5494-453F-9201-D0C1B62540B1}.Debug|x64.Build.0 = Debug|x64
		{852176B1-5494-453F-9201-D0C1B62540B1}.Debug|x86.ActiveCfg = Debug|Win32
		{852176B1-5494-453F-9201-D0C1B62540B1}.Debug|x86.Build.0 = Debug|Win32
		{852176B1-5494-453F-9201-D0C1B62540B1}.Release|ARM64.ActiveCfg = Release|ARM64
		{852176B1-5494-453F-9201-D0C1B62540B1}.Release|ARM64.Build.0 = Release|ARM64
		{852176B1-5494-453F-9201-D0C1B62540B1}.Release|x64.ActiveCfg = Release|x64
		{852176B1-5494-453F-9201-D0C1B62540B1}.Release|x64.Build.0 = Release|x64
		{852176B1-5494-453F-9201-D0C1B62540B1}.Release|x86.ActiveCfg = Release|Win32
		{852176B1-5494-453F-9201-D0C1B62540B1}.Release|x86.Build.0 = Release|Win32
		{6F811C48-CABB-4387-9BCB-0018D8784573}.Debug|ARM64.ActiveCfg = Debug|ARM64
		{6F811C48-CABB-4387-9BCB-0018D8784573}.Debug|ARM64.Build.0 = Debug|ARM64
		{6F811C48-CABB-4387-9BCB-0018D8784573}.Debug|x64.ActiveCfg = Debug|x64
		{6F811C48-CABB-4387-9BCB-0018D8784573}.Debug|x64.Build.0 = Debug|x64
		{6F811C48-CABB-4387-9BCB-0018D8784573}.Debug|x86.ActiveCfg = Debug|Win32
		{6F811C48-CABB-4387-9BCB-0018D8784573}.Debug|x86.Build.0 = Debug|Win32
		{6F811C48-CABB-4387-9BCB-0018D8784573}.Release|ARM64.ActiveCfg = Release|ARM64
		{6F811C48-CABB-4387-9BCB-0018D8784573}.Release|ARM64.Build.0 = Release|ARM64
		{6F811C48-CABB-4387-9BCB-0018D8784573}.Release|x64.ActiveCfg = Release|x64
		{6F811C48-CABB-4387-9BCB-0018D8784573}.Release|x64.Build.0 = Release|x64
		{6F811C48-CABB-4387-9BCB-0018D8784573}.Release|x86.ActiveCfg = Release|Win32
		{6F811C48-CABB-4387-9BCB-0018D8784573}.Release|x86.Build.0 = Release|Win32
		{70884AE9-9845-4099-A190-75FCC5DCD9E7}.Debug|ARM64.ActiveCfg = Debug|ARM64
		{70884AE9-9845-4099-A190-75FCC5DCD9E7}.Debug|ARM64.Build.0 = Debug|ARM64
		{70884AE9-9845-4099-A190-75FCC5DCD9E7}.Debug|x64.ActiveCfg = Debug|x64
		{70884AE9-9845-4099-A190-75FCC5DCD9E7}.Debug|x64.Build.0 = Debug|x64
		{70884AE9-9845-4099-A190-75FCC5DCD9E7}.Debug|x86.ActiveCfg = Debug|Win32
		{70884AE9-9845-4099-A190-75FCC5DCD9E7}.Debug|x86.Build.0 = Debug|Win32
		{70884AE9-9845-4099-A190-75FCC5DCD9E7}.Release|ARM64.ActiveCfg = Release|ARM64
		{70884AE9-9845-4099-A190-75FCC5DCD9E7}.Release|ARM64.Build.0 = Release|ARM64
		{70884AE9-9845-4099-A190-75FCC5DCD9E7}.Release|x64.ActiveCfg = Release|x64
		{70884AE9-9845-4099-A190-75FCC5DCD9E7}.Release|x64.Build.0 = Release|x64
		{70884AE9-9845-4099-A190-75FCC5DCD9E7}.Release|x86.ActiveCfg = Release|Win32
		{70884AE9-9845-4099-A190-75FCC5DCD9E7}.Release|x86.Build.0 = Release|Win32
		{BF6387B3-0817-47F3-AB3D-16083534B4AE}.Debug|ARM64.ActiveCfg = Debug|ARM64
		{BF6387B3-0817-47F3-AB3D-16083534B4AE}.Debug|ARM64.Build.0 = Debug|ARM64
		{BF6387B3-0817-47F3-AB3D-16083534B4AE}.Debug|x64.ActiveCfg = Debug|x64
		{BF6387B3-0817-47F3-AB3D-16083534B4AE}.Debug|x64.Build.0 = Debug|x64
		{BF6387B3-0817-47F3-AB3D-16083534B4AE}.Debug|x86.ActiveCfg = Debug|Win32
		{BF6387B3-0817-47F3-AB3D-16083534B4AE}.Debug|x86.Build.0 = Debug|Win32
		{BF6387B3-0817-47F3-AB3D-16083534B4AE}.Release|ARM64.ActiveCfg = Release|ARM64
		{BF6387B3-0817-47F3-AB3D-16083534B4AE}.Release|ARM64.Build.0 = Release|ARM64
		{BF6387B3-0817-47F3-AB3D-16083534B4AE}.Release|x64.ActiveCfg = Release|x64
		{BF6387B3-0817-47F3-AB3D-16083534B4AE}.Release|x64.Build.0 = Release|x64
		{BF6387B3-0817-47F3-AB3D-16083534B4AE}.Release|x86.ActiveCfg = Release|Win32
		{BF6387B3-0817-47F3-AB3D-16083534B4AE}.Release|x86.Build.0 = Release|Win32
	EndGlobalSection
	GlobalSection(SolutionProperties) = preSolution
		HideSolutionNode = FALSE
	EndGlobalSection
	GlobalSection(ExtensibilityGlobals) = postSolution
		SolutionGuid = {20D7E8D3-B99A-4461-BC86-7D2F5FAAE3B2}
	EndGlobalSection
EndGlobal
